<?xml version="1.0" encoding="utf-8"?>
<Project ToolsVersion="4.0" xmlns="http://schemas.microsoft.com/developer/msbuild/2003">
  <ItemGroup>
    <Filter Include="소스 파일">
      <UniqueIdentifier>{4FC737F1-C7A5-4376-A066-2A32D752A2FF}</UniqueIdentifier>
      <Extensions>cpp;c;cc;cxx;def;odl;idl;hpj;bat;asm;asmx</Extensions>
    </Filter>
    <Filter Include="헤더 파일">
      <UniqueIdentifier>{93995380-89BD-4b04-88EB-625FBE52EBFB}</UniqueIdentifier>
      <Extensions>h;hh;hpp;hxx;hm;inl;inc;ipp;xsd</Extensions>
    </Filter>
    <Filter Include="리소스 파일">
      <UniqueIdentifier>{67DA6AB6-F800-4c08-8B7A-83BB121AAD01}</UniqueIdentifier>
      <Extensions>rc;ico;cur;bmp;dlg;rc2;rct;bin;rgs;gif;jpg;jpeg;jpe;resx;tiff;tif;png;wav;mfcribbon-ms</Extensions>
    </Filter>
    <Filter Include="util">
      <UniqueIdentifier>{2ebb0b0d-f591-4981-994d-a96129b0753d}</UniqueIdentifier>
    </Filter>
    <Filter Include="manager">
      <UniqueIdentifier>{ade00e70-0ec9-43fb-982c-88707569943c}</UniqueIdentifier>
    </Filter>
    <Filter Include="contents">
      <UniqueIdentifier>{f8418cbb-41da-4ead-a573-5f7c2b03885c}</UniqueIdentifier>
    </Filter>
    <Filter Include="contents\stage">
      <UniqueIdentifier>{453a5ea9-2ab8-49d7-88a1-abce142a59b1}</UniqueIdentifier>
    </Filter>
    <Filter Include="contents\ui">
      <UniqueIdentifier>{3e21f4a0-2f81-42da-8846-1ed552abece9}</UniqueIdentifier>
    </Filter>
    <Filter Include="contents\enemy">
      <UniqueIdentifier>{4b071467-69ff-4d97-a6f0-75938bb7edfc}</UniqueIdentifier>
    </Filter>
    <Filter Include="contents\player">
      <UniqueIdentifier>{f97a5d65-9ca4-4bb4-b41d-10ca0f5d3c63}</UniqueIdentifier>
    </Filter>
    <Filter Include="contents\ui\progressBar">
      <UniqueIdentifier>{2f09af2d-ecf1-47c1-8190-27c3eb4af701}</UniqueIdentifier>
    </Filter>
    <Filter Include="gameBase">
      <UniqueIdentifier>{95982806-068a-439b-ba72-8cb93f3609f5}</UniqueIdentifier>
    </Filter>
    <Filter Include="util\collision">
      <UniqueIdentifier>{095a2b6c-e709-4611-a0f2-286cb820083e}</UniqueIdentifier>
    </Filter>
    <Filter Include="util\animation">
      <UniqueIdentifier>{206ac15a-4721-4c12-93be-e176c2715a13}</UniqueIdentifier>
    </Filter>
    <Filter Include="util\camera">
      <UniqueIdentifier>{665bbd36-3bcb-4e7b-b521-740494436fc7}</UniqueIdentifier>
    </Filter>
    <Filter Include="util\effect">
      <UniqueIdentifier>{b3284ef1-2dfe-42bb-bb2d-937dfd3982d5}</UniqueIdentifier>
    </Filter>
    <Filter Include="util\txtData">
      <UniqueIdentifier>{431e51a5-80a3-453e-b6b4-0a46c07862b8}</UniqueIdentifier>
    </Filter>
    <Filter Include="util\timer">
      <UniqueIdentifier>{903124e9-0a6f-4f4f-8a9b-cc25c6f3482b}</UniqueIdentifier>
    </Filter>
    <Filter Include="util\image">
      <UniqueIdentifier>{161a019f-83fb-4aa5-a2bd-53b11c8888ac}</UniqueIdentifier>
    </Filter>
    <Filter Include="contents\boss">
      <UniqueIdentifier>{edb85982-ea5e-4f0c-84b1-7bd840f67685}</UniqueIdentifier>
    </Filter>
  </ItemGroup>
  <ItemGroup>
    <ClInclude Include="stdafx.h">
      <Filter>헤더 파일</Filter>
    </ClInclude>
    <ClInclude Include="targetver.h">
      <Filter>헤더 파일</Filter>
    </ClInclude>
    <ClInclude Include="Resource.h">
      <Filter>헤더 파일</Filter>
    </ClInclude>
    <ClInclude Include="windowsAPI.h">
      <Filter>헤더 파일</Filter>
    </ClInclude>
    <ClInclude Include="util\utils.h">
      <Filter>util</Filter>
    </ClInclude>
    <ClInclude Include="manager\effectManager.h">
      <Filter>manager</Filter>
    </ClInclude>
    <ClInclude Include="manager\imageManager.h">
      <Filter>manager</Filter>
    </ClInclude>
    <ClInclude Include="manager\keyManager.h">
      <Filter>manager</Filter>
    </ClInclude>
    <ClInclude Include="manager\sceneManager.h">
      <Filter>manager</Filter>
    </ClInclude>
    <ClInclude Include="manager\soundManager.h">
      <Filter>manager</Filter>
    </ClInclude>
    <ClInclude Include="manager\stageEnemyManager.h">
      <Filter>manager</Filter>
    </ClInclude>
    <ClInclude Include="manager\stageManager.h">
      <Filter>manager</Filter>
    </ClInclude>
    <ClInclude Include="manager\timeManager.h">
      <Filter>manager</Filter>
    </ClInclude>
    <ClInclude Include="gameBase\gameNode.h">
      <Filter>gameBase</Filter>
    </ClInclude>
    <ClInclude Include="gameBase\playGround.h">
      <Filter>gameBase</Filter>
    </ClInclude>
    <ClInclude Include="util\txtData\txtData.h">
      <Filter>util\txtData</Filter>
    </ClInclude>
    <ClInclude Include="util\commonMacroFunction.h">
      <Filter>util</Filter>
    </ClInclude>
    <ClInclude Include="util\randomFunction.h">
      <Filter>util</Filter>
    </ClInclude>
    <ClInclude Include="util\timer\timer.h">
      <Filter>util\timer</Filter>
    </ClInclude>
    <ClInclude Include="util\image\image.h">
      <Filter>util\image</Filter>
    </ClInclude>
    <ClInclude Include="util\effect\effect.h">
      <Filter>util\effect</Filter>
    </ClInclude>
    <ClInclude Include="util\collision\collision.h">
      <Filter>util\collision</Filter>
    </ClInclude>
    <ClInclude Include="util\collision\pixelCollsion.h">
      <Filter>util\collision</Filter>
    </ClInclude>
    <ClInclude Include="util\camera\camera.h">
      <Filter>util\camera</Filter>
    </ClInclude>
    <ClInclude Include="util\animation\animation.h">
      <Filter>util\animation</Filter>
    </ClInclude>
    <ClInclude Include="contents\ui\progressBar\progressBar.h">
      <Filter>contents\ui\progressBar</Filter>
    </ClInclude>
    <ClInclude Include="contents\stage\bossStage.h">
      <Filter>contents\stage</Filter>
    </ClInclude>
    <ClInclude Include="contents\stage\commonStage.h">
      <Filter>contents\stage</Filter>
    </ClInclude>
    <ClInclude Include="contents\enemy\enemy.h">
      <Filter>contents\enemy</Filter>
    </ClInclude>
    <ClInclude Include="contents\player\player.h">
      <Filter>contents\player</Filter>
    </ClInclude>
    <ClInclude Include="manager\jsonManager.h">
      <Filter>manager</Filter>
    </ClInclude>
    <ClInclude Include="contents\enemy\oko.h">
      <Filter>contents\enemy</Filter>
    </ClInclude>
    <ClInclude Include="contents\enemy\monkey.h">
      <Filter>contents\enemy</Filter>
    </ClInclude>
    <ClInclude Include="contents\enemy\bakman.h">
      <Filter>contents\enemy</Filter>
    </ClInclude>
    <ClInclude Include="contents\boss\prim.h">
      <Filter>contents\boss</Filter>
    </ClInclude>
    <ClInclude Include="contents\boss\rell.h">
      <Filter>contents\boss</Filter>
    </ClInclude>
    <ClInclude Include="contents\boss\witch.h">
      <Filter>contents\boss</Filter>
    </ClInclude>
    <ClInclude Include="contents\stage\stage.h">
      <Filter>contents\stage</Filter>
    </ClInclude>
  </ItemGroup>
  <ItemGroup>
    <ClCompile Include="windowsAPI.cpp">
      <Filter>소스 파일</Filter>
    </ClCompile>
    <ClCompile Include="stdafx.cpp">
      <Filter>소스 파일</Filter>
    </ClCompile>
    <ClCompile Include="util\utils.cpp">
      <Filter>util</Filter>
    </ClCompile>
    <ClCompile Include="manager\effectManager.cpp">
      <Filter>manager</Filter>
    </ClCompile>
    <ClCompile Include="manager\imageManager.cpp">
      <Filter>manager</Filter>
    </ClCompile>
    <ClCompile Include="manager\keyManager.cpp">
      <Filter>manager</Filter>
    </ClCompile>
    <ClCompile Include="manager\sceneManager.cpp">
      <Filter>manager</Filter>
    </ClCompile>
    <ClCompile Include="manager\soundManager.cpp">
      <Filter>manager</Filter>
    </ClCompile>
    <ClCompile Include="manager\stageEnemyManager.cpp">
      <Filter>manager</Filter>
    </ClCompile>
    <ClCompile Include="manager\stageManager.cpp">
      <Filter>manager</Filter>
    </ClCompile>
    <ClCompile Include="manager\timeManager.cpp">
      <Filter>manager</Filter>
    </ClCompile>
    <ClCompile Include="gameBase\gameNode.cpp">
      <Filter>gameBase</Filter>
    </ClCompile>
    <ClCompile Include="gameBase\playGround.cpp">
      <Filter>gameBase</Filter>
    </ClCompile>
    <ClCompile Include="util\txtData\txtData.cpp">
      <Filter>util\txtData</Filter>
    </ClCompile>
    <ClCompile Include="util\timer\timer.cpp">
      <Filter>util\timer</Filter>
    </ClCompile>
    <ClCompile Include="util\image\image.cpp">
      <Filter>util\image</Filter>
    </ClCompile>
    <ClCompile Include="util\effect\effect.cpp">
      <Filter>util\effect</Filter>
    </ClCompile>
    <ClCompile Include="util\collision\collision.cpp">
      <Filter>util\collision</Filter>
    </ClCompile>
    <ClCompile Include="util\collision\pixelCollsion.cpp">
      <Filter>util\collision</Filter>
    </ClCompile>
    <ClCompile Include="util\camera\camera.cpp">
      <Filter>util\camera</Filter>
    </ClCompile>
    <ClCompile Include="util\animation\animation.cpp">
      <Filter>util\animation</Filter>
    </ClCompile>
    <ClCompile Include="contents\ui\progressBar\progressBar.cpp">
      <Filter>contents\ui\progressBar</Filter>
    </ClCompile>
    <ClCompile Include="contents\stage\bossStage.cpp">
      <Filter>contents\stage</Filter>
    </ClCompile>
    <ClCompile Include="contents\stage\commonStage.cpp">
      <Filter>contents\stage</Filter>
    </ClCompile>
    <ClCompile Include="contents\enemy\enemy.cpp">
      <Filter>contents\enemy</Filter>
    </ClCompile>
    <ClCompile Include="contents\player\player.cpp">
      <Filter>contents\player</Filter>
    </ClCompile>
    <ClCompile Include="manager\jsonManager.cpp">
      <Filter>manager</Filter>
    </ClCompile>
    <ClCompile Include="contents\enemy\oko.cpp">
      <Filter>contents\enemy</Filter>
    </ClCompile>
    <ClCompile Include="contents\enemy\monkey.cpp">
      <Filter>contents\enemy</Filter>
    </ClCompile>
    <ClCompile Include="contents\enemy\bakman.cpp">
      <Filter>contents\enemy</Filter>
    </ClCompile>
    <ClCompile Include="contents\boss\prim.cpp">
      <Filter>contents\boss</Filter>
    </ClCompile>
    <ClCompile Include="contents\boss\rell.cpp">
      <Filter>contents\boss</Filter>
    </ClCompile>
    <ClCompile Include="contents\boss\witch.cpp">
      <Filter>contents\boss</Filter>
    </ClCompile>
    <ClCompile Include="contents\stage\stage.cpp">
      <Filter>contents\stage</Filter>
    </ClCompile>
  </ItemGroup>
  <ItemGroup>
    <ResourceCompile Include="windowsAPI.rc">
      <Filter>리소스 파일</Filter>
    </ResourceCompile>
  </ItemGroup>
  <ItemGroup>
    <Image Include="small.ico">
      <Filter>리소스 파일</Filter>
    </Image>
    <Image Include="windowsAPI.ico">
      <Filter>리소스 파일</Filter>
    </Image>
  </ItemGroup>
</Project>